// !$*UTF8*$!
{
	archiveVersion = 1;
	classes = {
	};
	objectVersion = 50;
	objects = {

/* Begin PBXBuildFile section */
		550397A321BFCDD0008ECFFE /* AppDelegate.swift in Sources */ = {isa = PBXBuildFile; fileRef = 550397A221BFCDD0008ECFFE /* AppDelegate.swift */; };
		550397A521BFCDD0008ECFFE /* ViewController.swift in Sources */ = {isa = PBXBuildFile; fileRef = 550397A421BFCDD0008ECFFE /* ViewController.swift */; };
		550397A821BFCDD0008ECFFE /* Main.storyboard in Resources */ = {isa = PBXBuildFile; fileRef = 550397A621BFCDD0008ECFFE /* Main.storyboard */; };
		550397AA21BFCDD1008ECFFE /* Assets.xcassets in Resources */ = {isa = PBXBuildFile; fileRef = 550397A921BFCDD1008ECFFE /* Assets.xcassets */; };
		550397AD21BFCDD1008ECFFE /* LaunchScreen.storyboard in Resources */ = {isa = PBXBuildFile; fileRef = 550397AB21BFCDD1008ECFFE /* LaunchScreen.storyboard */; };
		732A6F84361F9860014E9D7D /* Pods_Trust.framework in Frameworks */ = {isa = PBXBuildFile; fileRef = B4610D98C88F12777EEC666E /* Pods_Trust.framework */; };
/* End PBXBuildFile section */

/* Begin PBXFileReference section */
		3CD99FD8907EB13FFE8B2E5B /* Pods-Trust.release.xcconfig */ = {isa = PBXFileReference; includeInIndex = 1; lastKnownFileType = text.xcconfig; name = "Pods-Trust.release.xcconfig"; path = "Pods/Target Support Files/Pods-Trust/Pods-Trust.release.xcconfig"; sourceTree = "<group>"; };
		5503979F21BFCDD0008ECFFE /* Trust.app */ = {isa = PBXFileReference; explicitFileType = wrapper.application; includeInIndex = 0; path = Trust.app; sourceTree = BUILT_PRODUCTS_DIR; };
		550397A221BFCDD0008ECFFE /* AppDelegate.swift */ = {isa = PBXFileReference; lastKnownFileType = sourcecode.swift; path = AppDelegate.swift; sourceTree = "<group>"; };
		550397A421BFCDD0008ECFFE /* ViewController.swift */ = {isa = PBXFileReference; lastKnownFileType = sourcecode.swift; path = ViewController.swift; sourceTree = "<group>"; };
		550397A721BFCDD0008ECFFE /* Base */ = {isa = PBXFileReference; lastKnownFileType = file.storyboard; name = Base; path = Base.lproj/Main.storyboard; sourceTree = "<group>"; };
		550397A921BFCDD1008ECFFE /* Assets.xcassets */ = {isa = PBXFileReference; lastKnownFileType = folder.assetcatalog; path = Assets.xcassets; sourceTree = "<group>"; };
		550397AC21BFCDD1008ECFFE /* Base */ = {isa = PBXFileReference; lastKnownFileType = file.storyboard; name = Base; path = Base.lproj/LaunchScreen.storyboard; sourceTree = "<group>"; };
		550397AE21BFCDD1008ECFFE /* Info.plist */ = {isa = PBXFileReference; lastKnownFileType = text.plist.xml; path = Info.plist; sourceTree = "<group>"; };
		83A74C78C9044B30AFEC48EC /* Pods-Trust.debug.xcconfig */ = {isa = PBXFileReference; includeInIndex = 1; lastKnownFileType = text.xcconfig; name = "Pods-Trust.debug.xcconfig"; path = "Pods/Target Support Files/Pods-Trust/Pods-Trust.debug.xcconfig"; sourceTree = "<group>"; };
		B4610D98C88F12777EEC666E /* Pods_Trust.framework */ = {isa = PBXFileReference; explicitFileType = wrapper.framework; includeInIndex = 0; path = Pods_Trust.framework; sourceTree = BUILT_PRODUCTS_DIR; };
/* End PBXFileReference section */

/* Begin PBXFrameworksBuildPhase section */
		5503979C21BFCDD0008ECFFE /* Frameworks */ = {
			isa = PBXFrameworksBuildPhase;
			buildActionMask = 2147483647;
			files = (
				732A6F84361F9860014E9D7D /* Pods_Trust.framework in Frameworks */,
			);
			runOnlyForDeploymentPostprocessing = 0;
		};
/* End PBXFrameworksBuildPhase section */

/* Begin PBXGroup section */
		05CB053037AD61CC66BB29DF /* Frameworks */ = {
			isa = PBXGroup;
			children = (
				B4610D98C88F12777EEC666E /* Pods_Trust.framework */,
			);
			name = Frameworks;
			sourceTree = "<group>";
		};
		41B4C6BAA30B4FC05232C4EF /* Pods */ = {
			isa = PBXGroup;
			children = (
				83A74C78C9044B30AFEC48EC /* Pods-Trust.debug.xcconfig */,
				3CD99FD8907EB13FFE8B2E5B /* Pods-Trust.release.xcconfig */,
			);
			name = Pods;
			sourceTree = "<group>";
		};
		5503979621BFCDD0008ECFFE = {
			isa = PBXGroup;
			children = (
				550397A121BFCDD0008ECFFE /* Trust */,
				550397A021BFCDD0008ECFFE /* Products */,
				41B4C6BAA30B4FC05232C4EF /* Pods */,
				05CB053037AD61CC66BB29DF /* Frameworks */,
			);
			sourceTree = "<group>";
		};
		550397A021BFCDD0008ECFFE /* Products */ = {
			isa = PBXGroup;
			children = (
				5503979F21BFCDD0008ECFFE /* Trust.app */,
			);
			name = Products;
			sourceTree = "<group>";
		};
		550397A121BFCDD0008ECFFE /* Trust */ = {
			isa = PBXGroup;
			children = (
				550397A221BFCDD0008ECFFE /* AppDelegate.swift */,
				550397A421BFCDD0008ECFFE /* ViewController.swift */,
				550397A621BFCDD0008ECFFE /* Main.storyboard */,
				550397A921BFCDD1008ECFFE /* Assets.xcassets */,
				550397AB21BFCDD1008ECFFE /* LaunchScreen.storyboard */,
				550397AE21BFCDD1008ECFFE /* Info.plist */,
			);
			path = Trust;
			sourceTree = "<group>";
		};
/* End PBXGroup section */

/* Begin PBXNativeTarget section */
		5503979E21BFCDD0008ECFFE /* Trust */ = {
			isa = PBXNativeTarget;
			buildConfigurationList = 550397B121BFCDD1008ECFFE /* Build configuration list for PBXNativeTarget "Trust" */;
			buildPhases = (
				DA0B68860A9E055466CE014B /* [CP] Check Pods Manifest.lock */,
				5503979B21BFCDD0008ECFFE /* Sources */,
				5503979C21BFCDD0008ECFFE /* Frameworks */,
				5503979D21BFCDD0008ECFFE /* Resources */,
				C29B0556A32E68DF2CAB9B03 /* [CP] Embed Pods Frameworks */,
				550397B421BFCE45008ECFFE /* ShellScript */,
			);
			buildRules = (
			);
			dependencies = (
			);
			name = Trust;
			productName = Trust;
			productReference = 5503979F21BFCDD0008ECFFE /* Trust.app */;
			productType = "com.apple.product-type.application";
		};
/* End PBXNativeTarget section */

/* Begin PBXProject section */
		5503979721BFCDD0008ECFFE /* Project object */ = {
			isa = PBXProject;
			attributes = {
				LastSwiftUpdateCheck = 1000;
				LastUpgradeCheck = 1000;
				ORGANIZATIONNAME = "Bassem Qoulta";
				TargetAttributes = {
					5503979E21BFCDD0008ECFFE = {
						CreatedOnToolsVersion = 10.0;
					};
				};
			};
			buildConfigurationList = 5503979A21BFCDD0008ECFFE /* Build configuration list for PBXProject "Trust" */;
			compatibilityVersion = "Xcode 9.3";
			developmentRegion = en;
			hasScannedForEncodings = 0;
			knownRegions = (
				en,
				Base,
			);
			mainGroup = 5503979621BFCDD0008ECFFE;
			productRefGroup = 550397A021BFCDD0008ECFFE /* Products */;
			projectDirPath = "";
			projectRoot = "";
			targets = (
				5503979E21BFCDD0008ECFFE /* Trust */,
			);
		};
/* End PBXProject section */

/* Begin PBXResourcesBuildPhase section */
		5503979D21BFCDD0008ECFFE /* Resources */ = {
			isa = PBXResourcesBuildPhase;
			buildActionMask = 2147483647;
			files = (
				550397AD21BFCDD1008ECFFE /* LaunchScreen.storyboard in Resources */,
				550397AA21BFCDD1008ECFFE /* Assets.xcassets in Resources */,
				550397A821BFCDD0008ECFFE /* Main.storyboard in Resources */,
			);
			runOnlyForDeploymentPostprocessing = 0;
		};
/* End PBXResourcesBuildPhase section */

/* Begin PBXShellScriptBuildPhase section */
		550397B421BFCE45008ECFFE /* ShellScript */ = {
			isa = PBXShellScriptBuildPhase;
			buildActionMask = 2147483647;
			files = (
			);
			inputFileListPaths = (
			);
			inputPaths = (
			);
			outputFileListPaths = (
			);
			outputPaths = (
			);
			runOnlyForDeploymentPostprocessing = 0;
			shellPath = /bin/sh;
			shellScript = "\"$FLUTTER_ROOT/packages/flutter_tools/bin/xcode_backend.sh\" build\n\"$FLUTTER_ROOT/packages/flutter_tools/bin/xcode_backend.sh\" embed\n";
		};
		C29B0556A32E68DF2CAB9B03 /* [CP] Embed Pods Frameworks */ = {
			isa = PBXShellScriptBuildPhase;
			buildActionMask = 2147483647;
			files = (
			);
			inputFileListPaths = (
			);
			inputPaths = (
				"${SRCROOT}/Pods/Target Support Files/Pods-Trust/Pods-Trust-frameworks.sh",
				"${PODS_ROOT}/../../my_flutter/.ios/Flutter/engine/Flutter.framework",
				"${BUILT_PRODUCTS_DIR}/FlutterPluginRegistrant/FlutterPluginRegistrant.framework",
			);
			name = "[CP] Embed Pods Frameworks";
			outputFileListPaths = (
			);
			outputPaths = (
				"${TARGET_BUILD_DIR}/${FRAMEWORKS_FOLDER_PATH}/Flutter.framework",
				"${TARGET_BUILD_DIR}/${FRAMEWORKS_FOLDER_PATH}/FlutterPluginRegistrant.framework",
			);
			runOnlyForDeploymentPostprocessing = 0;
			shellPath = /bin/sh;
			shellScript = "\"${SRCROOT}/Pods/Target Support Files/Pods-Trust/Pods-Trust-frameworks.sh\"\n";
			showEnvVarsInLog = 0;
		};
		DA0B68860A9E055466CE014B /* [CP] Check Pods Manifest.lock */ = {
			isa = PBXShellScriptBuildPhase;
			buildActionMask = 2147483647;
			files = (
			);
			inputFileListPaths = (
			);
			inputPaths = (
				"${PODS_PODFILE_DIR_PATH}/Podfile.lock",
				"${PODS_ROOT}/Manifest.lock",
			);
			name = "[CP] Check Pods Manifest.lock";
			outputFileListPaths = (
			);
			outputPaths = (
				"$(DERIVED_FILE_DIR)/Pods-Trust-checkManifestLockResult.txt",
			);
			runOnlyForDeploymentPostprocessing = 0;
			shellPath = /bin/sh;
			shellScript = "diff \"${PODS_PODFILE_DIR_PATH}/Podfile.lock\" \"${PODS_ROOT}/Manifest.lock\" > /dev/null\nif [ $? != 0 ] ; then\n    # print error to STDERR\n    echo \"error: The sandbox is not in sync with the Podfile.lock. Run 'pod install' or update your CocoaPods installation.\" >&2\n    exit 1\nfi\n# This output is used by Xcode 'outputs' to avoid re-running this script phase.\necho \"SUCCESS\" > \"${SCRIPT_OUTPUT_FILE_0}\"\n";
			showEnvVarsInLog = 0;
		};
/* End PBXShellScriptBuildPhase section */

/* Begin PBXSourcesBuildPhase section */
		5503979B21BFCDD0008ECFFE /* Sources */ = {
			isa = PBXSourcesBuildPhase;
			buildActionMask = 2147483647;
			files = (
				550397A521BFCDD0008ECFFE /* ViewController.swift in Sources */,
				550397A321BFCDD0008ECFFE /* AppDelegate.swift in Sources */,
			);
			runOnlyForDeploymentPostprocessing = 0;
		};
/* End PBXSourcesBuildPhase section */

/* Begin PBXVariantGroup section */
		550397A621BFCDD0008ECFFE /* Main.storyboard */ = {
			isa = PBXVariantGroup;
			children = (
				550397A721BFCDD0008ECFFE /* Base */,
			);
			name = Main.storyboard;
			sourceTree = "<group>";
		};
		550397AB21BFCDD1008ECFFE /* LaunchScreen.storyboard */ = {
			isa = PBXVariantGroup;
			children = (
				550397AC21BFCDD1008ECFFE /* Base */,
			);
			name = LaunchScreen.storyboard;
			sourceTree = "<group>";
		};
/* End PBXVariantGroup section */

/* Begin XCBuildConfiguration section */
		550397AF21BFCDD1008ECFFE /* Debug */ = {
			isa = XCBuildConfiguration;
			buildSettings = {
				ALWAYS_SEARCH_USER_PATHS = NO;
				CLANG_ANALYZER_NONNULL = YES;
				CLANG_ANALYZER_NUMBER_OBJECT_CONVERSION = YES_AGGRESSIVE;
				CLANG_CXX_LANGUAGE_STANDARD = "gnu++14";
				CLANG_CXX_LIBRARY = "libc++";
				CLANG_ENABLE_MODULES = YES;
				CLANG_ENABLE_OBJC_ARC = YES;
				CLANG_ENABLE_OBJC_WEAK = YES;
				CLANG_WARN_BLOCK_CAPTURE_AUTORELEASING = YES;
				CLANG_WARN_BOOL_CONVERSION = YES;
				CLANG_WARN_COMMA = YES;
				CLANG_WARN_CONSTANT_CONVERSION = YES;
				CLANG_WARN_DEPRECATED_OBJC_IMPLEMENTATIONS = YES;
				CLANG_WARN_DIRECT_OBJC_ISA_USAGE = YES_ERROR;
				CLANG_WARN_DOCUMENTATION_COMMENTS = YES;
				CLANG_WARN_EMPTY_BODY = YES;
				CLANG_WARN_ENUM_CONVERSION = YES;
				CLANG_WARN_INFINITE_RECURSION = YES;
				CLANG_WARN_INT_CONVERSION = YES;
				CLANG_WARN_NON_LITERAL_NULL_CONVERSION = YES;
				CLANG_WARN_OBJC_IMPLICIT_RETAIN_SELF = YES;
				CLANG_WARN_OBJC_LITERAL_CONVERSION = YES;
				CLANG_WARN_OBJC_ROOT_CLASS = YES_ERROR;
				CLANG_WARN_RANGE_LOOP_ANALYSIS = YES;
				CLANG_WARN_STRICT_PROTOTYPES = YES;
				CLANG_WARN_SUSPICIOUS_MOVE = YES;
				CLANG_WARN_UNGUARDED_AVAILABILITY = YES_AGGRESSIVE;
				CLANG_WARN_UNREACHABLE_CODE = YES;
				CLANG_WARN__DUPLICATE_METHOD_MATCH = YES;
				CODE_SIGN_IDENTITY = "iPhone Developer";
				COPY_PHASE_STRIP = NO;
				DEBUG_INFORMATION_FORMAT = dwarf;
				ENABLE_STRICT_OBJC_MSGSEND = YES;
				ENABLE_TESTABILITY = YES;
				GCC_C_LANGUAGE_STANDARD = gnu11;
				GCC_DYNAMIC_NO_PIC = NO;
				GCC_NO_COMMON_BLOCKS = YES;
				GCC_OPTIMIZATION_LEVEL = 0;
				GCC_PREPROCESSOR_DEFINITIONS = (
					"DEBUG=1",
					"$(inherited)",
				);
				GCC_WARN_64_TO_32_BIT_CONVERSION = YES;
				GCC_WARN_ABOUT_RETURN_TYPE = YES_ERROR;
				GCC_WARN_UNDECLARED_SELECTOR = YES;
				GCC_WARN_UNINITIALIZED_AUTOS = YES_AGGRESSIVE;
				GCC_WARN_UNUSED_FUNCTION = YES;
				GCC_WARN_UNUSED_VARIABLE = YES;
				IPHONEOS_DEPLOYMENT_TARGET = 12.0;
				MTL_ENABLE_DEBUG_INFO = INCLUDE_SOURCE;
				MTL_FAST_MATH = YES;
				ONLY_ACTIVE_ARCH = YES;
				SDKROOT = iphoneos;
				SWIFT_ACTIVE_COMPILATION_CONDITIONS = DEBUG;
				SWIFT_OPTIMIZATION_LEVEL = "-Onone";
			};
			name = Debug;
		};
		550397B021BFCDD1008ECFFE /* Release */ = {
			isa = XCBuildConfiguration;
			buildSettings = {
				ALWAYS_SEARCH_USER_PATHS = NO;
				CLANG_ANALYZER_NONNULL = YES;
				CLANG_ANALYZER_NUMBER_OBJECT_CONVERSION = YES_AGGRESSIVE;
				CLANG_CXX_LANGUAGE_STANDARD = "gnu++14";
				CLANG_CXX_LIBRARY = "libc++";
				CLANG_ENABLE_MODULES = YES;
				CLANG_ENABLE_OBJC_ARC = YES;
				CLANG_ENABLE_OBJC_WEAK = YES;
				CLANG_WARN_BLOCK_CAPTURE_AUTORELEASING = YES;
				CLANG_WARN_BOOL_CONVERSION = YES;
				CLANG_WARN_COMMA = YES;
				CLANG_WARN_CONSTANT_CONVERSION = YES;
				CLANG_WARN_DEPRECATED_OBJC_IMPLEMENTATIONS = YES;
				CLANG_WARN_DIRECT_OBJC_ISA_USAGE = YES_ERROR;
				CLANG_WARN_DOCUMENTATION_COMMENTS = YES;
				CLANG_WARN_EMPTY_BODY = YES;
				CLANG_WARN_ENUM_CONVERSION = YES;
				CLANG_WARN_INFINITE_RECURSION = YES;
				CLANG_WARN_INT_CONVERSION = YES;
				CLANG_WARN_NON_LITERAL_NULL_CONVERSION = YES;
				CLANG_WARN_OBJC_IMPLICIT_RETAIN_SELF = YES;
				CLANG_WARN_OBJC_LITERAL_CONVERSION = YES;
				CLANG_WARN_OBJC_ROOT_CLASS = YES_ERROR;
				CLANG_WARN_RANGE_LOOP_ANALYSIS = YES;
				CLANG_WARN_STRICT_PROTOTYPES = YES;
				CLANG_WARN_SUSPICIOUS_MOVE = YES;
				CLANG_WARN_UNGUARDED_AVAILABILITY = YES_AGGRESSIVE;
				CLANG_WARN_UNREACHABLE_CODE = YES;
				CLANG_WARN__DUPLICATE_METHOD_MATCH = YES;
				CODE_SIGN_IDENTITY = "iPhone Developer";
				COPY_PHASE_STRIP = NO;
				DEBUG_INFORMATION_FORMAT = "dwarf-with-dsym";
				ENABLE_NS_ASSERTIONS = NO;
				ENABLE_STRICT_OBJC_MSGSEND = YES;
				GCC_C_LANGUAGE_STANDARD = gnu11;
				GCC_NO_COMMON_BLOCKS = YES;
				GCC_WARN_64_TO_32_BIT_CONVERSION = YES;
				GCC_WARN_ABOUT_RETURN_TYPE = YES_ERROR;
				GCC_WARN_UNDECLARED_SELECTOR = YES;
				GCC_WARN_UNINITIALIZED_AUTOS = YES_AGGRESSIVE;
				GCC_WARN_UNUSED_FUNCTION = YES;
				GCC_WARN_UNUSED_VARIABLE = YES;
				IPHONEOS_DEPLOYMENT_TARGET = 12.0;
				MTL_ENABLE_DEBUG_INFO = NO;
				MTL_FAST_MATH = YES;
				SDKROOT = iphoneos;
				SWIFT_COMPILATION_MODE = wholemodule;
				SWIFT_OPTIMIZATION_LEVEL = "-O";
				VALIDATE_PRODUCT = YES;
			};
			name = Release;
		};
		550397B221BFCDD1008ECFFE /* Debug */ = {
			isa = XCBuildConfiguration;
			baseConfigurationReference = 83A74C78C9044B30AFEC48EC /* Pods-Trust.debug.xcconfig */;
			buildSettings = {
				ASSETCATALOG_COMPILER_APPICON_NAME = AppIcon;
				CODE_SIGN_STYLE = Automatic;
				INFOPLIST_FILE = Trust/Info.plist;
				LD_RUNPATH_SEARCH_PATHS = (
					"$(inherited)",
					"@executable_path/Frameworks",
				);
				PRODUCT_BUNDLE_IDENTIFIER = Qoulta.Trust;
				PRODUCT_NAME = "$(TARGET_NAME)";
				SWIFT_VERSION = 4.2;
				TARGETED_DEVICE_FAMILY = "1,2";
			};
			name = Debug;
		};
		550397B321BFCDD1008ECFFE /* Release */ = {
			isa = XCBuildConfiguration;
			baseConfigurationReference = 3CD99FD8907EB13FFE8B2E5B /* Pods-Trust.release.xcconfig */;
			buildSettings = {
				ASSETCATALOG_COMPILER_APPICON_NAME = AppIcon;
				CODE_SIGN_STYLE = Automatic;
				INFOPLIST_FILE = Trust/Info.plist;
				LD_RUNPATH_SEARCH_PATHS = (
					"$(inherited)",
					"@executable_path/Frameworks",
				);
				PRODUCT_BUNDLE_IDENTIFIER = Qoulta.Trust;
				PRODUCT_NAME = "$(TARGET_NAME)";
				SWIFT_VERSION = 4.2;
				TARGETED_DEVICE_FAMILY = "1,2";
			};
			name = Release;
		};
/* End XCBuildConfiguration section */

/* Begin XCConfigurationList section */
		5503979A21BFCDD0008ECFFE /* Build configuration list for PBXProject "Trust" */ = {
			isa = XCConfigurationList;
			buildConfigurations = (
				550397AF21BFCDD1008ECFFE /* Debug */,
				550397B021BFCDD1008ECFFE /* Release */,
			);
			defaultConfigurationIsVisible = 0;
			defaultConfigurationName = Release;
		};
		550397B121BFCDD1008ECFFE /* Build configuration list for PBXNativeTarget "Trust" */ = {
			isa = XCConfigurationList;
			buildConfigurations = (
				550397B221BFCDD1008ECFFE /* Debug */,
				550397B321BFCDD1008ECFFE /* Release */,
			);
			defaultConfigurationIsVisible = 0;
			defaultConfigurationName = Release;
		};
/* End XCConfigurationList section */
	};
	rootObject = 5503979721BFCDD0008ECFFE /* Project object */;
}
